{
  "name": "utils-numstr",
  "version": "1.0.0",
  "lockfileVersion": 1,
  "requires": true,
  "dependencies": {
    "altered-base": {
      "version": "2.0.1",
      "resolved": "https://registry.npmjs.org/altered-base/-/altered-base-2.0.1.tgz",
      "integrity": "sha512-hpncmFvGX+O7KRmocn1JKv9VI6e3VXJWuekFnE6ndG7636XYk5H5OiC5nVvPpNcZol1Ezts0w7DNIBxfBHg4Bg=="
    }
  }
}
